
Microsoft Visual Studio Solution File, Format Version 12.00
# Visual Studio 14
VisualStudioVersion = 14.0.23107.0
MinimumVisualStudioVersion = 10.0.40219.1
Project("{2150E333-8FDC-42A3-9474-1A3956D46DE8}") = "Business", "Business", "{A5386AD9-7659-4AE0-B905-A5CE3B9AEA36}"
EndProject
Project("{2150E333-8FDC-42A3-9474-1A3956D46DE8}") = "Client", "Client", "{2A3B6477-4706-4502-8146-54BD88D78E34}"
EndProject
Project("{2150E333-8FDC-42A3-9474-1A3956D46DE8}") = "Common", "Common", "{F3F8FCA5-41A3-4A9C-8050-57220E452B1A}"
EndProject
Project("{2150E333-8FDC-42A3-9474-1A3956D46DE8}") = "Core", "Core", "{BB607615-AADC-49D5-A704-5FCD0368BCB8}"
EndProject
Project("{2150E333-8FDC-42A3-9474-1A3956D46DE8}") = "Resource Access", "Resource Access", "{D53698AC-01B9-4140-8E77-B5010CD88C39}"
EndProject
Project("{2150E333-8FDC-42A3-9474-1A3956D46DE8}") = "Tests", "Tests", "{54EC358E-4DBB-4173-8BE3-0A2D7554EF55}"
EndProject
Project("{FAE04EC0-301F-11D3-BF4B-00C04F79EFBC}") = "Core.Common", "Core.Common\Core.Common.csproj", "{4CFB08A6-BD3F-42AB-BDA3-A1A2647B3DB3}"
EndProject
Project("{FAE04EC0-301F-11D3-BF4B-00C04F79EFBC}") = "Core.Common.Contracts", "Core.Common.Contracts\Core.Common.Contracts.csproj", "{5347D143-BF37-4C14-B2DF-ADEC44353FFB}"
EndProject
Project("{FAE04EC0-301F-11D3-BF4B-00C04F79EFBC}") = "HN.Pim.Business.Bootstrapper", "HN.Pim.Business.Bootstrapper\HN.Pim.Business.Bootstrapper.csproj", "{D64ECC25-58C8-4C9B-B77C-395C16CA4D68}"
EndProject
Project("{FAE04EC0-301F-11D3-BF4B-00C04F79EFBC}") = "HN.Pim.Business.Entities", "HN.Pim.Business.Entities\HN.Pim.Business.Entities.csproj", "{A768587A-09E7-4104-B7DF-23E9BE0C87BC}"
EndProject
Project("{FAE04EC0-301F-11D3-BF4B-00C04F79EFBC}") = "HN.Pim.Client.Entities", "HN.Pim.Client.Entities\HN.Pim.Client.Entities.csproj", "{0507019D-456D-4ECA-AE2E-1DB5EBB553F2}"
EndProject
Project("{FAE04EC0-301F-11D3-BF4B-00C04F79EFBC}") = "HN.Pim.Data", "HN.Pim.Data\HN.Pim.Data.csproj", "{4991A05C-1F87-42BF-BB08-694113034C3A}"
EndProject
Project("{FAE04EC0-301F-11D3-BF4B-00C04F79EFBC}") = "HN.Pim.Data.Contracts", "HN.Pim.Data.Contracts\HN.Pim.Data.Contracts.csproj", "{E0A92B00-E86A-47F2-AD49-6D9CEACB704E}"
EndProject
Project("{FAE04EC0-301F-11D3-BF4B-00C04F79EFBC}") = "HN.Pim.Data.Tests", "HN.Pim.Data.Tests\HN.Pim.Data.Tests.csproj", "{DBC402B7-F42E-477E-ABF1-10360CBA809E}"
EndProject
Project("{FAE04EC0-301F-11D3-BF4B-00C04F79EFBC}") = "HN.Pim.Business.Contracts", "HN.Pim.Business.Contracts\HN.Pim.Business.Contracts.csproj", "{59F2FB9D-753E-4557-A1EC-B8122C3B63B0}"
EndProject
Project("{FAE04EC0-301F-11D3-BF4B-00C04F79EFBC}") = "HN.Pim.Business.Managers", "HN.Pim.Business.Managers\HN.Pim.Business.Managers.csproj", "{251CD71B-3237-460B-BFA5-C3BA56BEF06F}"
EndProject
Project("{FAE04EC0-301F-11D3-BF4B-00C04F79EFBC}") = "HN.Pim.Business", "HN.Pim.Business\HN.Pim.Business.csproj", "{23E7F38C-3266-4CE9-9F08-E9EA9B9ED2A4}"
EndProject
Project("{FAE04EC0-301F-11D3-BF4B-00C04F79EFBC}") = "HN.Pim.Business.Common", "HN.Pim.Business.Common\HN.Pim.Business.Common.csproj", "{A5048BDB-DBEC-499E-8BD8-31A84B31B598}"
EndProject
Project("{FAE04EC0-301F-11D3-BF4B-00C04F79EFBC}") = "HN.Pim.Client.Contracts", "HN.Pim.Client.Contracts\HN.Pim.Client.Contracts.csproj", "{345A4AD1-EDE0-4E2F-8370-C5BB35C98FD2}"
EndProject
Project("{FAE04EC0-301F-11D3-BF4B-00C04F79EFBC}") = "HN.Pim.Client.Proxies", "HN.Pim.Client.Proxies\HN.Pim.Client.Proxies.csproj", "{E35E9A10-6F0A-42E0-95B7-EF71E2158A53}"
EndProject
Project("{FAE04EC0-301F-11D3-BF4B-00C04F79EFBC}") = "Core.Common.ServiceModel", "Core.Common.ServiceModel\Core.Common.ServiceModel.csproj", "{19FE3042-C7FA-407A-B63C-D334D7614EED}"
EndProject
Project("{2150E333-8FDC-42A3-9474-1A3956D46DE8}") = "Hosting", "Hosting", "{0585BA7E-221B-485E-99A3-8424E0FC7CFD}"
EndProject
Project("{FAE04EC0-301F-11D3-BF4B-00C04F79EFBC}") = "HN.Pim.ServiceHost.Console", "HN.Pim.ServiceHost.Console\HN.Pim.ServiceHost.Console.csproj", "{2CE3F41E-ECEE-4159-BD9B-F786720A11B8}"
EndProject
Project("{FAE04EC0-301F-11D3-BF4B-00C04F79EFBC}") = "HN.Pim.Proxies.Tests", "HN.Pim.Proxies.Tests\HN.Pim.Proxies.Tests.csproj", "{5BB916D2-54C1-4B99-B980-AAB40ECD8CAD}"
EndProject
Project("{FAE04EC0-301F-11D3-BF4B-00C04F79EFBC}") = "HN.Pim.Business.Tests", "HN.Pim.Business.Tests\HN.Pim.Business.Tests.csproj", "{3194FCCB-F99A-4D62-B183-9C8E999E5AA3}"
EndProject
Project("{2150E333-8FDC-42A3-9474-1A3956D46DE8}") = "Internationalization", "Internationalization", "{8FB0B4E7-1FBC-4123-B4B8-0C06711194E8}"
EndProject
Project("{FAE04EC0-301F-11D3-BF4B-00C04F79EFBC}") = "HN.Pim.Resource.Builder", "HN.Pim.Resource.Builder\HN.Pim.Resource.Builder.csproj", "{F1E4C85D-7C30-4C50-B1A1-A71CC93203C8}"
EndProject
Project("{FAE04EC0-301F-11D3-BF4B-00C04F79EFBC}") = "HN.Pim.Resources", "HN.Pim.Resources\HN.Pim.Resources.csproj", "{1CFC1595-17AD-4440-8199-5D97B5433BE8}"
EndProject
Project("{FAE04EC0-301F-11D3-BF4B-00C04F79EFBC}") = "HN.Pim.Common", "HN.Pim.Common\HN.Pim.Common.csproj", "{832F7BAF-E4E1-479C-BB73-3EADCDA0BFBE}"
EndProject
Project("{FAE04EC0-301F-11D3-BF4B-00C04F79EFBC}") = "HN.Pim.Client.Bootstrapper", "HN.Pim.Client.Bootstrapper\HN.Pim.Client.Bootstrapper.csproj", "{99726A3F-11C3-4260-B5E7-73B67A3CA125}"
EndProject
Project("{FAE04EC0-301F-11D3-BF4B-00C04F79EFBC}") = "HN.Pim.Business.Managers.Tests", "HN.Pim.Business.Managers.Tests\HN.Pim.Business.Managers.Tests.csproj", "{17641DB9-0E47-4C3E-BB31-C3BF301ABA39}"
EndProject
Project("{FAE04EC0-301F-11D3-BF4B-00C04F79EFBC}") = "HN.Pim.WebUI", "HN.Pim.WebUI\HN.Pim.WebUI.csproj", "{809604B9-1335-47B1-A380-CFBAD76C8EDD}"
EndProject
Project("{FAE04EC0-301F-11D3-BF4B-00C04F79EFBC}") = "HN.Pim.ServiceHost.Tests", "HN.Pim.ServiceHost.Tests\HN.Pim.ServiceHost.Tests.csproj", "{01F7C6DD-8CCB-4FC6-B01F-1E11FDFC70B4}"
EndProject
Project("{00D1A9C2-B5F0-4AF3-8072-F6C62B433612}") = "HN.Pim.Database", "HN.Pim.Database\HN.Pim.Database.sqlproj", "{22B80145-7438-4FD5-A6E8-69E75AD5E00B}"
EndProject
Global
	GlobalSection(SolutionConfigurationPlatforms) = preSolution
		Debug|Any CPU = Debug|Any CPU
		Release|Any CPU = Release|Any CPU
	EndGlobalSection
	GlobalSection(ProjectConfigurationPlatforms) = postSolution
		{4CFB08A6-BD3F-42AB-BDA3-A1A2647B3DB3}.Debug|Any CPU.ActiveCfg = Debug|Any CPU
		{4CFB08A6-BD3F-42AB-BDA3-A1A2647B3DB3}.Debug|Any CPU.Build.0 = Debug|Any CPU
		{4CFB08A6-BD3F-42AB-BDA3-A1A2647B3DB3}.Release|Any CPU.ActiveCfg = Release|Any CPU
		{4CFB08A6-BD3F-42AB-BDA3-A1A2647B3DB3}.Release|Any CPU.Build.0 = Release|Any CPU
		{5347D143-BF37-4C14-B2DF-ADEC44353FFB}.Debug|Any CPU.ActiveCfg = Debug|Any CPU
		{5347D143-BF37-4C14-B2DF-ADEC44353FFB}.Debug|Any CPU.Build.0 = Debug|Any CPU
		{5347D143-BF37-4C14-B2DF-ADEC44353FFB}.Release|Any CPU.ActiveCfg = Release|Any CPU
		{5347D143-BF37-4C14-B2DF-ADEC44353FFB}.Release|Any CPU.Build.0 = Release|Any CPU
		{D64ECC25-58C8-4C9B-B77C-395C16CA4D68}.Debug|Any CPU.ActiveCfg = Debug|Any CPU
		{D64ECC25-58C8-4C9B-B77C-395C16CA4D68}.Debug|Any CPU.Build.0 = Debug|Any CPU
		{D64ECC25-58C8-4C9B-B77C-395C16CA4D68}.Release|Any CPU.ActiveCfg = Release|Any CPU
		{D64ECC25-58C8-4C9B-B77C-395C16CA4D68}.Release|Any CPU.Build.0 = Release|Any CPU
		{A768587A-09E7-4104-B7DF-23E9BE0C87BC}.Debug|Any CPU.ActiveCfg = Debug|Any CPU
		{A768587A-09E7-4104-B7DF-23E9BE0C87BC}.Debug|Any CPU.Build.0 = Debug|Any CPU
		{A768587A-09E7-4104-B7DF-23E9BE0C87BC}.Release|Any CPU.ActiveCfg = Release|Any CPU
		{A768587A-09E7-4104-B7DF-23E9BE0C87BC}.Release|Any CPU.Build.0 = Release|Any CPU
		{0507019D-456D-4ECA-AE2E-1DB5EBB553F2}.Debug|Any CPU.ActiveCfg = Debug|Any CPU
		{0507019D-456D-4ECA-AE2E-1DB5EBB553F2}.Debug|Any CPU.Build.0 = Debug|Any CPU
		{0507019D-456D-4ECA-AE2E-1DB5EBB553F2}.Release|Any CPU.ActiveCfg = Release|Any CPU
		{0507019D-456D-4ECA-AE2E-1DB5EBB553F2}.Release|Any CPU.Build.0 = Release|Any CPU
		{4991A05C-1F87-42BF-BB08-694113034C3A}.Debug|Any CPU.ActiveCfg = Debug|Any CPU
		{4991A05C-1F87-42BF-BB08-694113034C3A}.Debug|Any CPU.Build.0 = Debug|Any CPU
		{4991A05C-1F87-42BF-BB08-694113034C3A}.Release|Any CPU.ActiveCfg = Release|Any CPU
		{4991A05C-1F87-42BF-BB08-694113034C3A}.Release|Any CPU.Build.0 = Release|Any CPU
		{E0A92B00-E86A-47F2-AD49-6D9CEACB704E}.Debug|Any CPU.ActiveCfg = Debug|Any CPU
		{E0A92B00-E86A-47F2-AD49-6D9CEACB704E}.Debug|Any CPU.Build.0 = Debug|Any CPU
		{E0A92B00-E86A-47F2-AD49-6D9CEACB704E}.Release|Any CPU.ActiveCfg = Release|Any CPU
		{E0A92B00-E86A-47F2-AD49-6D9CEACB704E}.Release|Any CPU.Build.0 = Release|Any CPU
		{DBC402B7-F42E-477E-ABF1-10360CBA809E}.Debug|Any CPU.ActiveCfg = Debug|Any CPU
		{DBC402B7-F42E-477E-ABF1-10360CBA809E}.Debug|Any CPU.Build.0 = Debug|Any CPU
		{DBC402B7-F42E-477E-ABF1-10360CBA809E}.Release|Any CPU.ActiveCfg = Release|Any CPU
		{DBC402B7-F42E-477E-ABF1-10360CBA809E}.Release|Any CPU.Build.0 = Release|Any CPU
		{59F2FB9D-753E-4557-A1EC-B8122C3B63B0}.Debug|Any CPU.ActiveCfg = Debug|Any CPU
		{59F2FB9D-753E-4557-A1EC-B8122C3B63B0}.Debug|Any CPU.Build.0 = Debug|Any CPU
		{59F2FB9D-753E-4557-A1EC-B8122C3B63B0}.Release|Any CPU.ActiveCfg = Release|Any CPU
		{59F2FB9D-753E-4557-A1EC-B8122C3B63B0}.Release|Any CPU.Build.0 = Release|Any CPU
		{251CD71B-3237-460B-BFA5-C3BA56BEF06F}.Debug|Any CPU.ActiveCfg = Debug|Any CPU
		{251CD71B-3237-460B-BFA5-C3BA56BEF06F}.Debug|Any CPU.Build.0 = Debug|Any CPU
		{251CD71B-3237-460B-BFA5-C3BA56BEF06F}.Release|Any CPU.ActiveCfg = Release|Any CPU
		{251CD71B-3237-460B-BFA5-C3BA56BEF06F}.Release|Any CPU.Build.0 = Release|Any CPU
		{23E7F38C-3266-4CE9-9F08-E9EA9B9ED2A4}.Debug|Any CPU.ActiveCfg = Debug|Any CPU
		{23E7F38C-3266-4CE9-9F08-E9EA9B9ED2A4}.Debug|Any CPU.Build.0 = Debug|Any CPU
		{23E7F38C-3266-4CE9-9F08-E9EA9B9ED2A4}.Release|Any CPU.ActiveCfg = Release|Any CPU
		{23E7F38C-3266-4CE9-9F08-E9EA9B9ED2A4}.Release|Any CPU.Build.0 = Release|Any CPU
		{A5048BDB-DBEC-499E-8BD8-31A84B31B598}.Debug|Any CPU.ActiveCfg = Debug|Any CPU
		{A5048BDB-DBEC-499E-8BD8-31A84B31B598}.Debug|Any CPU.Build.0 = Debug|Any CPU
		{A5048BDB-DBEC-499E-8BD8-31A84B31B598}.Release|Any CPU.ActiveCfg = Release|Any CPU
		{A5048BDB-DBEC-499E-8BD8-31A84B31B598}.Release|Any CPU.Build.0 = Release|Any CPU
		{345A4AD1-EDE0-4E2F-8370-C5BB35C98FD2}.Debug|Any CPU.ActiveCfg = Debug|Any CPU
		{345A4AD1-EDE0-4E2F-8370-C5BB35C98FD2}.Debug|Any CPU.Build.0 = Debug|Any CPU
		{345A4AD1-EDE0-4E2F-8370-C5BB35C98FD2}.Release|Any CPU.ActiveCfg = Release|Any CPU
		{345A4AD1-EDE0-4E2F-8370-C5BB35C98FD2}.Release|Any CPU.Build.0 = Release|Any CPU
		{E35E9A10-6F0A-42E0-95B7-EF71E2158A53}.Debug|Any CPU.ActiveCfg = Debug|Any CPU
		{E35E9A10-6F0A-42E0-95B7-EF71E2158A53}.Debug|Any CPU.Build.0 = Debug|Any CPU
		{E35E9A10-6F0A-42E0-95B7-EF71E2158A53}.Release|Any CPU.ActiveCfg = Release|Any CPU
		{E35E9A10-6F0A-42E0-95B7-EF71E2158A53}.Release|Any CPU.Build.0 = Release|Any CPU
		{19FE3042-C7FA-407A-B63C-D334D7614EED}.Debug|Any CPU.ActiveCfg = Debug|Any CPU
		{19FE3042-C7FA-407A-B63C-D334D7614EED}.Debug|Any CPU.Build.0 = Debug|Any CPU
		{19FE3042-C7FA-407A-B63C-D334D7614EED}.Release|Any CPU.ActiveCfg = Release|Any CPU
		{19FE3042-C7FA-407A-B63C-D334D7614EED}.Release|Any CPU.Build.0 = Release|Any CPU
		{2CE3F41E-ECEE-4159-BD9B-F786720A11B8}.Debug|Any CPU.ActiveCfg = Debug|Any CPU
		{2CE3F41E-ECEE-4159-BD9B-F786720A11B8}.Debug|Any CPU.Build.0 = Debug|Any CPU
		{2CE3F41E-ECEE-4159-BD9B-F786720A11B8}.Release|Any CPU.ActiveCfg = Release|Any CPU
		{2CE3F41E-ECEE-4159-BD9B-F786720A11B8}.Release|Any CPU.Build.0 = Release|Any CPU
		{5BB916D2-54C1-4B99-B980-AAB40ECD8CAD}.Debug|Any CPU.ActiveCfg = Debug|Any CPU
		{5BB916D2-54C1-4B99-B980-AAB40ECD8CAD}.Debug|Any CPU.Build.0 = Debug|Any CPU
		{5BB916D2-54C1-4B99-B980-AAB40ECD8CAD}.Release|Any CPU.ActiveCfg = Release|Any CPU
		{5BB916D2-54C1-4B99-B980-AAB40ECD8CAD}.Release|Any CPU.Build.0 = Release|Any CPU
		{3194FCCB-F99A-4D62-B183-9C8E999E5AA3}.Debug|Any CPU.ActiveCfg = Debug|Any CPU
		{3194FCCB-F99A-4D62-B183-9C8E999E5AA3}.Debug|Any CPU.Build.0 = Debug|Any CPU
		{3194FCCB-F99A-4D62-B183-9C8E999E5AA3}.Release|Any CPU.ActiveCfg = Release|Any CPU
		{3194FCCB-F99A-4D62-B183-9C8E999E5AA3}.Release|Any CPU.Build.0 = Release|Any CPU
		{F1E4C85D-7C30-4C50-B1A1-A71CC93203C8}.Debug|Any CPU.ActiveCfg = Debug|Any CPU
		{F1E4C85D-7C30-4C50-B1A1-A71CC93203C8}.Debug|Any CPU.Build.0 = Debug|Any CPU
		{F1E4C85D-7C30-4C50-B1A1-A71CC93203C8}.Release|Any CPU.ActiveCfg = Release|Any CPU
		{F1E4C85D-7C30-4C50-B1A1-A71CC93203C8}.Release|Any CPU.Build.0 = Release|Any CPU
		{1CFC1595-17AD-4440-8199-5D97B5433BE8}.Debug|Any CPU.ActiveCfg = Debug|Any CPU
		{1CFC1595-17AD-4440-8199-5D97B5433BE8}.Debug|Any CPU.Build.0 = Debug|Any CPU
		{1CFC1595-17AD-4440-8199-5D97B5433BE8}.Release|Any CPU.ActiveCfg = Release|Any CPU
		{1CFC1595-17AD-4440-8199-5D97B5433BE8}.Release|Any CPU.Build.0 = Release|Any CPU
		{832F7BAF-E4E1-479C-BB73-3EADCDA0BFBE}.Debug|Any CPU.ActiveCfg = Debug|Any CPU
		{832F7BAF-E4E1-479C-BB73-3EADCDA0BFBE}.Debug|Any CPU.Build.0 = Debug|Any CPU
		{832F7BAF-E4E1-479C-BB73-3EADCDA0BFBE}.Release|Any CPU.ActiveCfg = Release|Any CPU
		{832F7BAF-E4E1-479C-BB73-3EADCDA0BFBE}.Release|Any CPU.Build.0 = Release|Any CPU
		{99726A3F-11C3-4260-B5E7-73B67A3CA125}.Debug|Any CPU.ActiveCfg = Debug|Any CPU
		{99726A3F-11C3-4260-B5E7-73B67A3CA125}.Debug|Any CPU.Build.0 = Debug|Any CPU
		{99726A3F-11C3-4260-B5E7-73B67A3CA125}.Release|Any CPU.ActiveCfg = Release|Any CPU
		{99726A3F-11C3-4260-B5E7-73B67A3CA125}.Release|Any CPU.Build.0 = Release|Any CPU
		{17641DB9-0E47-4C3E-BB31-C3BF301ABA39}.Debug|Any CPU.ActiveCfg = Debug|Any CPU
		{17641DB9-0E47-4C3E-BB31-C3BF301ABA39}.Debug|Any CPU.Build.0 = Debug|Any CPU
		{17641DB9-0E47-4C3E-BB31-C3BF301ABA39}.Release|Any CPU.ActiveCfg = Release|Any CPU
		{17641DB9-0E47-4C3E-BB31-C3BF301ABA39}.Release|Any CPU.Build.0 = Release|Any CPU
		{809604B9-1335-47B1-A380-CFBAD76C8EDD}.Debug|Any CPU.ActiveCfg = Debug|Any CPU
		{809604B9-1335-47B1-A380-CFBAD76C8EDD}.Debug|Any CPU.Build.0 = Debug|Any CPU
		{809604B9-1335-47B1-A380-CFBAD76C8EDD}.Release|Any CPU.ActiveCfg = Release|Any CPU
		{809604B9-1335-47B1-A380-CFBAD76C8EDD}.Release|Any CPU.Build.0 = Release|Any CPU
		{01F7C6DD-8CCB-4FC6-B01F-1E11FDFC70B4}.Debug|Any CPU.ActiveCfg = Debug|Any CPU
		{01F7C6DD-8CCB-4FC6-B01F-1E11FDFC70B4}.Debug|Any CPU.Build.0 = Debug|Any CPU
		{01F7C6DD-8CCB-4FC6-B01F-1E11FDFC70B4}.Release|Any CPU.ActiveCfg = Release|Any CPU
		{01F7C6DD-8CCB-4FC6-B01F-1E11FDFC70B4}.Release|Any CPU.Build.0 = Release|Any CPU
		{22B80145-7438-4FD5-A6E8-69E75AD5E00B}.Debug|Any CPU.ActiveCfg = Debug|Any CPU
		{22B80145-7438-4FD5-A6E8-69E75AD5E00B}.Debug|Any CPU.Build.0 = Debug|Any CPU
		{22B80145-7438-4FD5-A6E8-69E75AD5E00B}.Debug|Any CPU.Deploy.0 = Debug|Any CPU
		{22B80145-7438-4FD5-A6E8-69E75AD5E00B}.Release|Any CPU.ActiveCfg = Release|Any CPU
		{22B80145-7438-4FD5-A6E8-69E75AD5E00B}.Release|Any CPU.Build.0 = Release|Any CPU
		{22B80145-7438-4FD5-A6E8-69E75AD5E00B}.Release|Any CPU.Deploy.0 = Release|Any CPU
	EndGlobalSection
	GlobalSection(SolutionProperties) = preSolution
		HideSolutionNode = FALSE
	EndGlobalSection
	GlobalSection(NestedProjects) = preSolution
		{4CFB08A6-BD3F-42AB-BDA3-A1A2647B3DB3} = {BB607615-AADC-49D5-A704-5FCD0368BCB8}
		{5347D143-BF37-4C14-B2DF-ADEC44353FFB} = {BB607615-AADC-49D5-A704-5FCD0368BCB8}
		{D64ECC25-58C8-4C9B-B77C-395C16CA4D68} = {A5386AD9-7659-4AE0-B905-A5CE3B9AEA36}
		{A768587A-09E7-4104-B7DF-23E9BE0C87BC} = {A5386AD9-7659-4AE0-B905-A5CE3B9AEA36}
		{0507019D-456D-4ECA-AE2E-1DB5EBB553F2} = {2A3B6477-4706-4502-8146-54BD88D78E34}
		{4991A05C-1F87-42BF-BB08-694113034C3A} = {D53698AC-01B9-4140-8E77-B5010CD88C39}
		{E0A92B00-E86A-47F2-AD49-6D9CEACB704E} = {D53698AC-01B9-4140-8E77-B5010CD88C39}
		{DBC402B7-F42E-477E-ABF1-10360CBA809E} = {54EC358E-4DBB-4173-8BE3-0A2D7554EF55}
		{59F2FB9D-753E-4557-A1EC-B8122C3B63B0} = {A5386AD9-7659-4AE0-B905-A5CE3B9AEA36}
		{251CD71B-3237-460B-BFA5-C3BA56BEF06F} = {A5386AD9-7659-4AE0-B905-A5CE3B9AEA36}
		{23E7F38C-3266-4CE9-9F08-E9EA9B9ED2A4} = {A5386AD9-7659-4AE0-B905-A5CE3B9AEA36}
		{A5048BDB-DBEC-499E-8BD8-31A84B31B598} = {A5386AD9-7659-4AE0-B905-A5CE3B9AEA36}
		{345A4AD1-EDE0-4E2F-8370-C5BB35C98FD2} = {2A3B6477-4706-4502-8146-54BD88D78E34}
		{E35E9A10-6F0A-42E0-95B7-EF71E2158A53} = {2A3B6477-4706-4502-8146-54BD88D78E34}
		{19FE3042-C7FA-407A-B63C-D334D7614EED} = {BB607615-AADC-49D5-A704-5FCD0368BCB8}
		{2CE3F41E-ECEE-4159-BD9B-F786720A11B8} = {0585BA7E-221B-485E-99A3-8424E0FC7CFD}
		{5BB916D2-54C1-4B99-B980-AAB40ECD8CAD} = {54EC358E-4DBB-4173-8BE3-0A2D7554EF55}
		{3194FCCB-F99A-4D62-B183-9C8E999E5AA3} = {54EC358E-4DBB-4173-8BE3-0A2D7554EF55}
		{F1E4C85D-7C30-4C50-B1A1-A71CC93203C8} = {8FB0B4E7-1FBC-4123-B4B8-0C06711194E8}
		{1CFC1595-17AD-4440-8199-5D97B5433BE8} = {8FB0B4E7-1FBC-4123-B4B8-0C06711194E8}
		{832F7BAF-E4E1-479C-BB73-3EADCDA0BFBE} = {F3F8FCA5-41A3-4A9C-8050-57220E452B1A}
		{99726A3F-11C3-4260-B5E7-73B67A3CA125} = {2A3B6477-4706-4502-8146-54BD88D78E34}
		{17641DB9-0E47-4C3E-BB31-C3BF301ABA39} = {54EC358E-4DBB-4173-8BE3-0A2D7554EF55}
		{809604B9-1335-47B1-A380-CFBAD76C8EDD} = {0585BA7E-221B-485E-99A3-8424E0FC7CFD}
		{01F7C6DD-8CCB-4FC6-B01F-1E11FDFC70B4} = {54EC358E-4DBB-4173-8BE3-0A2D7554EF55}
		{22B80145-7438-4FD5-A6E8-69E75AD5E00B} = {D53698AC-01B9-4140-8E77-B5010CD88C39}
	EndGlobalSection
EndGlobal
